
Microsoft Visual Studio Solution File, Format Version 11.00
# Visual Studio 2010
Project("{FAE04EC0-301F-11D3-BF4B-00C04F79EFBC}") = "Assembly-CSharp", "Assembly-CSharp.csproj", "{572928c8-a62a-b8c5-96eb-d965e56a9238}"
EndProject
Project("{FAE04EC0-301F-11D3-BF4B-00C04F79EFBC}") = "Assembly-CSharp-Editor", "Assembly-CSharp-Editor.csproj", "{3184a606-97b9-2dd9-f9a8-75126fe7ae37}"
EndProject
Global
	GlobalSection(SolutionConfigurationPlatforms) = preSolution
		Debug|Any CPU = Debug|Any CPU
	EndGlobalSection
	GlobalSection(ProjectConfigurationPlatforms) = postSolution
		{572928c8-a62a-b8c5-96eb-d965e56a9238}.Debug|Any CPU.ActiveCfg = Debug|Any CPU
		{572928c8-a62a-b8c5-96eb-d965e56a9238}.Debug|Any CPU.Build.0 = Debug|Any CPU
		{3184a606-97b9-2dd9-f9a8-75126fe7ae37}.Debug|Any CPU.ActiveCfg = Debug|Any CPU
		{3184a606-97b9-2dd9-f9a8-75126fe7ae37}.Debug|Any CPU.Build.0 = Debug|Any CPU
	EndGlobalSection
	GlobalSection(SolutionProperties) = preSolution
		HideSolutionNode = FALSE
	EndGlobalSection
EndGlobal
